# THIS IS AN AUTOGENERATED FILE. DO NOT EDIT THIS FILE DIRECTLY.
# yarn lockfile v1


rjweb-server@^3.0.0:
  version "3.1.8"
  resolved "https://registry.yarnpkg.com/rjweb-server/-/rjweb-server-3.1.8.tgz#a765c771e0d715d81a5ac77c9e4b1040df738c2b"
  integrity sha512-/em8QGkb5X9tIzpwvza30hZES0c3z4IDN1ynBLfUxluYY/XNzWtqRG+YrZN5D3Qqxk6AEhtY5Ojzl1C9aoFOkg==
